<?xml version="1.0" encoding="utf-8"?>
<Project ToolsVersion="4.0" xmlns="http://schemas.microsoft.com/developer/msbuild/2003">
  <ItemGroup>
    <Filter Include="Source Files">
      <UniqueIdentifier>{4FC737F1-C7A5-4376-A066-2A32D752A2FF}</UniqueIdentifier>
      <Extensions>cpp;c;cc;cxx;c++;cppm;ixx;def;odl;idl;hpj;bat;asm;asmx</Extensions>
    </Filter>
    <Filter Include="Header Files">
      <UniqueIdentifier>{93995380-89BD-4b04-88EB-625FBE52EBFB}</UniqueIdentifier>
      <Extensions>h;hh;hpp;hxx;h++;hm;inl;inc;ipp;xsd</Extensions>
    </Filter>
    <Filter Include="Resource Files">
      <UniqueIdentifier>{67DA6AB6-F800-4c08-8B7A-83BB121AAD01}</UniqueIdentifier>
      <Extensions>rc;ico;cur;bmp;dlg;rc2;rct;bin;rgs;gif;jpg;jpeg;jpe;resx;tiff;tif;png;wav;mfcribbon-ms</Extensions>
    </Filter>
  </ItemGroup>
  <ItemGroup>
    <ClCompile Include="src\main.cpp">
      <Filter>Source Files</Filter>
    </ClCompile>
    <ClCompile Include="src\Media\Device.cpp">
      <Filter>Source Files</Filter>
    </ClCompile>
    <ClCompile Include="src\Media\DeviceEnumerator.cpp">
      <Filter>Source Files</Filter>
    </ClCompile>
    <ClCompile Include="src\Media\Notify\AudioSessionNotify.cpp">
      <Filter>Source Files</Filter>
    </ClCompile>
    <ClCompile Include="src\Media\Notify\NotificationClient.cpp">
      <Filter>Source Files</Filter>
    </ClCompile>
    <ClCompile Include="src\Media\Notify\AudioEndpointNotify.cpp">
      <Filter>Source Files</Filter>
    </ClCompile>
    <ClCompile Include="src\Media\AudioClient.cpp">
      <Filter>Source Files</Filter>
    </ClCompile>
    <ClCompile Include="src\Media\Service.cpp">
      <Filter>Source Files</Filter>
    </ClCompile>
    <ClCompile Include="src\AudioSource\WaveOut.cpp">
      <Filter>Source Files</Filter>
    </ClCompile>
    <ClCompile Include="src\FileRead.cpp">
      <Filter>Source Files</Filter>
    </ClCompile>
  </ItemGroup>
  <ItemGroup>
    <ClInclude Include="src\LoggingSystem.h">
      <Filter>Header Files</Filter>
    </ClInclude>
    <ClInclude Include="src\Base.h">
      <Filter>Header Files</Filter>
    </ClInclude>
    <ClInclude Include="src\Media\Device.h">
      <Filter>Header Files</Filter>
    </ClInclude>
    <ClInclude Include="src\Media\AudioClient.h">
      <Filter>Header Files</Filter>
    </ClInclude>
    <ClInclude Include="src\Media\DeviceEnumerator.h">
      <Filter>Header Files</Filter>
    </ClInclude>
    <ClInclude Include="src\Media\Notify\AudioSessionNotify.h">
      <Filter>Header Files</Filter>
    </ClInclude>
    <ClInclude Include="src\Media\Notify\NotificationClient.h">
      <Filter>Header Files</Filter>
    </ClInclude>
    <ClInclude Include="src\Media\Notify\AudioEndpointNotify.h">
      <Filter>Header Files</Filter>
    </ClInclude>
    <ClInclude Include="src\Media\Volume.h">
      <Filter>Header Files</Filter>
    </ClInclude>
    <ClInclude Include="src\Media\Service.h">
      <Filter>Header Files</Filter>
    </ClInclude>
    <ClInclude Include="src\Media\Audio.h">
      <Filter>Header Files</Filter>
    </ClInclude>
    <ClInclude Include="src\AudioSource\WaveOut.h">
      <Filter>Header Files</Filter>
    </ClInclude>
    <ClInclude Include="ext\boost\weak_ptr.hpp">
      <Filter>Header Files</Filter>
    </ClInclude>
    <ClInclude Include="ext\boost\qvm.hpp">
      <Filter>Header Files</Filter>
    </ClInclude>
    <ClInclude Include="ext\boost\qvm_lite.hpp">
      <Filter>Header Files</Filter>
    </ClInclude>
    <ClInclude Include="ext\boost\random.hpp">
      <Filter>Header Files</Filter>
    </ClInclude>
    <ClInclude Include="ext\boost\range.hpp">
      <Filter>Header Files</Filter>
    </ClInclude>
    <ClInclude Include="ext\boost\ratio.hpp">
      <Filter>Header Files</Filter>
    </ClInclude>
    <ClInclude Include="ext\boost\rational.hpp">
      <Filter>Header Files</Filter>
    </ClInclude>
    <ClInclude Include="ext\boost\ref.hpp">
      <Filter>Header Files</Filter>
    </ClInclude>
    <ClInclude Include="ext\boost\regex.h">
      <Filter>Header Files</Filter>
    </ClInclude>
    <ClInclude Include="ext\boost\regex.hpp">
      <Filter>Header Files</Filter>
    </ClInclude>
    <ClInclude Include="ext\boost\regex_fwd.hpp">
      <Filter>Header Files</Filter>
    </ClInclude>
    <ClInclude Include="ext\boost\scope_exit.hpp">
      <Filter>Header Files</Filter>
    </ClInclude>
    <ClInclude Include="ext\boost\scoped_array.hpp">
      <Filter>Header Files</Filter>
    </ClInclude>
    <ClInclude Include="ext\boost\scoped_ptr.hpp">
      <Filter>Header Files</Filter>
    </ClInclude>
    <ClInclude Include="ext\boost\shared_array.hpp">
      <Filter>Header Files</Filter>
    </ClInclude>
    <ClInclude Include="ext\boost\shared_container_iterator.hpp">
      <Filter>Header Files</Filter>
    </ClInclude>
    <ClInclude Include="ext\boost\shared_ptr.hpp">
      <Filter>Header Files</Filter>
    </ClInclude>
    <ClInclude Include="ext\boost\signals2.hpp">
      <Filter>Header Files</Filter>
    </ClInclude>
    <ClInclude Include="ext\boost\smart_ptr.hpp">
      <Filter>Header Files</Filter>
    </ClInclude>
    <ClInclude Include="ext\boost\spirit.hpp">
      <Filter>Header Files</Filter>
    </ClInclude>
    <ClInclude Include="ext\boost\stacktrace.hpp">
      <Filter>Header Files</Filter>
    </ClInclude>
    <ClInclude Include="ext\boost\static_assert.hpp">
      <Filter>Header Files</Filter>
    </ClInclude>
    <ClInclude Include="ext\boost\static_string.hpp">
      <Filter>Header Files</Filter>
    </ClInclude>
    <ClInclude Include="ext\boost\swap.hpp">
      <Filter>Header Files</Filter>
    </ClInclude>
    <ClInclude Include="ext\boost\system.hpp">
      <Filter>Header Files</Filter>
    </ClInclude>
    <ClInclude Include="ext\boost\thread.hpp">
      <Filter>Header Files</Filter>
    </ClInclude>
    <ClInclude Include="ext\boost\throw_exception.hpp">
      <Filter>Header Files</Filter>
    </ClInclude>
    <ClInclude Include="ext\boost\timer.hpp">
      <Filter>Header Files</Filter>
    </ClInclude>
    <ClInclude Include="ext\boost\token_functions.hpp">
      <Filter>Header Files</Filter>
    </ClInclude>
    <ClInclude Include="ext\boost\token_iterator.hpp">
      <Filter>Header Files</Filter>
    </ClInclude>
    <ClInclude Include="ext\boost\tokenizer.hpp">
      <Filter>Header Files</Filter>
    </ClInclude>
    <ClInclude Include="ext\boost\type.hpp">
      <Filter>Header Files</Filter>
    </ClInclude>
    <ClInclude Include="ext\boost\type_index.hpp">
      <Filter>Header Files</Filter>
    </ClInclude>
    <ClInclude Include="ext\boost\type_traits.hpp">
      <Filter>Header Files</Filter>
    </ClInclude>
    <ClInclude Include="ext\boost\unordered_map.hpp">
      <Filter>Header Files</Filter>
    </ClInclude>
    <ClInclude Include="ext\boost\unordered_set.hpp">
      <Filter>Header Files</Filter>
    </ClInclude>
    <ClInclude Include="ext\boost\url.hpp">
      <Filter>Header Files</Filter>
    </ClInclude>
    <ClInclude Include="ext\boost\utility.hpp">
      <Filter>Header Files</Filter>
    </ClInclude>
    <ClInclude Include="ext\boost\variant.hpp">
      <Filter>Header Files</Filter>
    </ClInclude>
    <ClInclude Include="ext\boost\variant2.hpp">
      <Filter>Header Files</Filter>
    </ClInclude>
    <ClInclude Include="ext\boost\version.hpp">
      <Filter>Header Files</Filter>
    </ClInclude>
    <ClInclude Include="ext\boost\visit_each.hpp">
      <Filter>Header Files</Filter>
    </ClInclude>
    <ClInclude Include="ext\boost\wave.hpp">
      <Filter>Header Files</Filter>
    </ClInclude>
    <ClInclude Include="ext\boost\python.hpp">
      <Filter>Header Files</Filter>
    </ClInclude>
    <ClInclude Include="ext\boost\align.hpp">
      <Filter>Header Files</Filter>
    </ClInclude>
    <ClInclude Include="ext\boost\aligned_storage.hpp">
      <Filter>Header Files</Filter>
    </ClInclude>
    <ClInclude Include="ext\boost\any.hpp">
      <Filter>Header Files</Filter>
    </ClInclude>
    <ClInclude Include="ext\boost\array.hpp">
      <Filter>Header Files</Filter>
    </ClInclude>
    <ClInclude Include="ext\boost\asio.hpp">
      <Filter>Header Files</Filter>
    </ClInclude>
    <ClInclude Include="ext\boost\assert.hpp">
      <Filter>Header Files</Filter>
    </ClInclude>
    <ClInclude Include="ext\boost\assign.hpp">
      <Filter>Header Files</Filter>
    </ClInclude>
    <ClInclude Include="ext\boost\atomic.hpp">
      <Filter>Header Files</Filter>
    </ClInclude>
    <ClInclude Include="ext\boost\beast.hpp">
      <Filter>Header Files</Filter>
    </ClInclude>
    <ClInclude Include="ext\boost\bimap.hpp">
      <Filter>Header Files</Filter>
    </ClInclude>
    <ClInclude Include="ext\boost\bind.hpp">
      <Filter>Header Files</Filter>
    </ClInclude>
    <ClInclude Include="ext\boost\blank.hpp">
      <Filter>Header Files</Filter>
    </ClInclude>
    <ClInclude Include="ext\boost\blank_fwd.hpp">
      <Filter>Header Files</Filter>
    </ClInclude>
    <ClInclude Include="ext\boost\call_traits.hpp">
      <Filter>Header Files</Filter>
    </ClInclude>
    <ClInclude Include="ext\boost\callable_traits.hpp">
      <Filter>Header Files</Filter>
    </ClInclude>
    <ClInclude Include="ext\boost\cast.hpp">
      <Filter>Header Files</Filter>
    </ClInclude>
    <ClInclude Include="ext\boost\cerrno.hpp">
      <Filter>Header Files</Filter>
    </ClInclude>
    <ClInclude Include="ext\boost\checked_delete.hpp">
      <Filter>Header Files</Filter>
    </ClInclude>
    <ClInclude Include="ext\boost\chrono.hpp">
      <Filter>Header Files</Filter>
    </ClInclude>
    <ClInclude Include="ext\boost\circular_buffer.hpp">
      <Filter>Header Files</Filter>
    </ClInclude>
    <ClInclude Include="ext\boost\circular_buffer_fwd.hpp">
      <Filter>Header Files</Filter>
    </ClInclude>
    <ClInclude Include="ext\boost\compressed_pair.hpp">
      <Filter>Header Files</Filter>
    </ClInclude>
    <ClInclude Include="ext\boost\compute.hpp">
      <Filter>Header Files</Filter>
    </ClInclude>
    <ClInclude Include="ext\boost\concept_archetype.hpp">
      <Filter>Header Files</Filter>
    </ClInclude>
    <ClInclude Include="ext\boost\concept_check.hpp">
      <Filter>Header Files</Filter>
    </ClInclude>
    <ClInclude Include="ext\boost\config.hpp">
      <Filter>Header Files</Filter>
    </ClInclude>
    <ClInclude Include="ext\boost\contract.hpp">
      <Filter>Header Files</Filter>
    </ClInclude>
    <ClInclude Include="ext\boost\contract_macro.hpp">
      <Filter>Header Files</Filter>
    </ClInclude>
    <ClInclude Include="ext\boost\convert.hpp">
      <Filter>Header Files</Filter>
    </ClInclude>
    <ClInclude Include="ext\boost\crc.hpp">
      <Filter>Header Files</Filter>
    </ClInclude>
    <ClInclude Include="ext\boost\cregex.hpp">
      <Filter>Header Files</Filter>
    </ClInclude>
    <ClInclude Include="ext\boost\cstdfloat.hpp">
      <Filter>Header Files</Filter>
    </ClInclude>
    <ClInclude Include="ext\boost\cstdint.hpp">
      <Filter>Header Files</Filter>
    </ClInclude>
    <ClInclude Include="ext\boost\cstdlib.hpp">
      <Filter>Header Files</Filter>
    </ClInclude>
    <ClInclude Include="ext\boost\current_function.hpp">
      <Filter>Header Files</Filter>
    </ClInclude>
    <ClInclude Include="ext\boost\cxx11_char_types.hpp">
      <Filter>Header Files</Filter>
    </ClInclude>
    <ClInclude Include="ext\boost\date_time.hpp">
      <Filter>Header Files</Filter>
    </ClInclude>
    <ClInclude Include="ext\boost\describe.hpp">
      <Filter>Header Files</Filter>
    </ClInclude>
    <ClInclude Include="ext\boost\dll.hpp">
      <Filter>Header Files</Filter>
    </ClInclude>
    <ClInclude Include="ext\boost\dynamic_bitset.hpp">
      <Filter>Header Files</Filter>
    </ClInclude>
    <ClInclude Include="ext\boost\dynamic_bitset_fwd.hpp">
      <Filter>Header Files</Filter>
    </ClInclude>
    <ClInclude Include="ext\boost\enable_shared_from_this.hpp">
      <Filter>Header Files</Filter>
    </ClInclude>
    <ClInclude Include="ext\boost\endian.hpp">
      <Filter>Header Files</Filter>
    </ClInclude>
    <ClInclude Include="ext\boost\exception_ptr.hpp">
      <Filter>Header Files</Filter>
    </ClInclude>
    <ClInclude Include="ext\boost\filesystem.hpp">
      <Filter>Header Files</Filter>
    </ClInclude>
    <ClInclude Include="ext\boost\flyweight.hpp">
      <Filter>Header Files</Filter>
    </ClInclude>
    <ClInclude Include="ext\boost\foreach.hpp">
      <Filter>Header Files</Filter>
    </ClInclude>
    <ClInclude Include="ext\boost\foreach_fwd.hpp">
      <Filter>Header Files</Filter>
    </ClInclude>
    <ClInclude Include="ext\boost\format.hpp">
      <Filter>Header Files</Filter>
    </ClInclude>
    <ClInclude Include="ext\boost\function.hpp">
      <Filter>Header Files</Filter>
    </ClInclude>
    <ClInclude Include="ext\boost\function_equal.hpp">
      <Filter>Header Files</Filter>
    </ClInclude>
    <ClInclude Include="ext\boost\function_output_iterator.hpp">
      <Filter>Header Files</Filter>
    </ClInclude>
    <ClInclude Include="ext\boost\functional.hpp">
      <Filter>Header Files</Filter>
    </ClInclude>
    <ClInclude Include="ext\boost\generator_iterator.hpp">
      <Filter>Header Files</Filter>
    </ClInclude>
    <ClInclude Include="ext\boost\geometry.hpp">
      <Filter>Header Files</Filter>
    </ClInclude>
    <ClInclude Include="ext\boost\get_pointer.hpp">
      <Filter>Header Files</Filter>
    </ClInclude>
    <ClInclude Include="ext\boost\gil.hpp">
      <Filter>Header Files</Filter>
    </ClInclude>
    <ClInclude Include="ext\boost\hana.hpp">
      <Filter>Header Files</Filter>
    </ClInclude>
    <ClInclude Include="ext\boost\histogram.hpp">
      <Filter>Header Files</Filter>
    </ClInclude>
    <ClInclude Include="ext\boost\hof.hpp">
      <Filter>Header Files</Filter>
    </ClInclude>
    <ClInclude Include="ext\boost\implicit_cast.hpp">
      <Filter>Header Files</Filter>
    </ClInclude>
    <ClInclude Include="ext\boost\indirect_reference.hpp">
      <Filter>Header Files</Filter>
    </ClInclude>
    <ClInclude Include="ext\boost\integer.hpp">
      <Filter>Header Files</Filter>
    </ClInclude>
    <ClInclude Include="ext\boost\integer_fwd.hpp">
      <Filter>Header Files</Filter>
    </ClInclude>
    <ClInclude Include="ext\boost\integer_traits.hpp">
      <Filter>Header Files</Filter>
    </ClInclude>
    <ClInclude Include="ext\boost\intrusive_ptr.hpp">
      <Filter>Header Files</Filter>
    </ClInclude>
    <ClInclude Include="ext\boost\io_fwd.hpp">
      <Filter>Header Files</Filter>
    </ClInclude>
    <ClInclude Include="ext\boost\is_placeholder.hpp">
      <Filter>Header Files</Filter>
    </ClInclude>
    <ClInclude Include="ext\boost\iterator.hpp">
      <Filter>Header Files</Filter>
    </ClInclude>
    <ClInclude Include="ext\boost\iterator_adaptors.hpp">
      <Filter>Header Files</Filter>
    </ClInclude>
    <ClInclude Include="ext\boost\json.hpp">
      <Filter>Header Files</Filter>
    </ClInclude>
    <ClInclude Include="ext\boost\lambda2.hpp">
      <Filter>Header Files</Filter>
    </ClInclude>
    <ClInclude Include="ext\boost\leaf.hpp">
      <Filter>Header Files</Filter>
    </ClInclude>
    <ClInclude Include="ext\boost\lexical_cast.hpp">
      <Filter>Header Files</Filter>
    </ClInclude>
    <ClInclude Include="ext\boost\limits.hpp">
      <Filter>Header Files</Filter>
    </ClInclude>
    <ClInclude Include="ext\boost\local_function.hpp">
      <Filter>Header Files</Filter>
    </ClInclude>
    <ClInclude Include="ext\boost\locale.hpp">
      <Filter>Header Files</Filter>
    </ClInclude>
    <ClInclude Include="ext\boost\make_default.hpp">
      <Filter>Header Files</Filter>
    </ClInclude>
    <ClInclude Include="ext\boost\make_shared.hpp">
      <Filter>Header Files</Filter>
    </ClInclude>
    <ClInclude Include="ext\boost\make_unique.hpp">
      <Filter>Header Files</Filter>
    </ClInclude>
    <ClInclude Include="ext\boost\math_fwd.hpp">
      <Filter>Header Files</Filter>
    </ClInclude>
    <ClInclude Include="ext\boost\mem_fn.hpp">
      <Filter>Header Files</Filter>
    </ClInclude>
    <ClInclude Include="ext\boost\memory_order.hpp">
      <Filter>Header Files</Filter>
    </ClInclude>
    <ClInclude Include="ext\boost\metaparse.hpp">
      <Filter>Header Files</Filter>
    </ClInclude>
    <ClInclude Include="ext\boost\mp11.hpp">
      <Filter>Header Files</Filter>
    </ClInclude>
    <ClInclude Include="ext\boost\mpi.hpp">
      <Filter>Header Files</Filter>
    </ClInclude>
    <ClInclude Include="ext\boost\multi_array.hpp">
      <Filter>Header Files</Filter>
    </ClInclude>
    <ClInclude Include="ext\boost\multi_index_container.hpp">
      <Filter>Header Files</Filter>
    </ClInclude>
    <ClInclude Include="ext\boost\multi_index_container_fwd.hpp">
      <Filter>Header Files</Filter>
    </ClInclude>
    <ClInclude Include="ext\boost\mysql.hpp">
      <Filter>Header Files</Filter>
    </ClInclude>
    <ClInclude Include="ext\boost\next_prior.hpp">
      <Filter>Header Files</Filter>
    </ClInclude>
    <ClInclude Include="ext\boost\non_type.hpp">
      <Filter>Header Files</Filter>
    </ClInclude>
    <ClInclude Include="ext\boost\noncopyable.hpp">
      <Filter>Header Files</Filter>
    </ClInclude>
    <ClInclude Include="ext\boost\nondet_random.hpp">
      <Filter>Header Files</Filter>
    </ClInclude>
    <ClInclude Include="ext\boost\none.hpp">
      <Filter>Header Files</Filter>
    </ClInclude>
    <ClInclude Include="ext\boost\none_t.hpp">
      <Filter>Header Files</Filter>
    </ClInclude>
    <ClInclude Include="ext\boost\operators.hpp">
      <Filter>Header Files</Filter>
    </ClInclude>
    <ClInclude Include="ext\boost\operators_v1.hpp">
      <Filter>Header Files</Filter>
    </ClInclude>
    <ClInclude Include="ext\boost\optional.hpp">
      <Filter>Header Files</Filter>
    </ClInclude>
    <ClInclude Include="ext\boost\outcome.hpp">
      <Filter>Header Files</Filter>
    </ClInclude>
    <ClInclude Include="ext\boost\parameter.hpp">
      <Filter>Header Files</Filter>
    </ClInclude>
    <ClInclude Include="ext\boost\pfr.hpp">
      <Filter>Header Files</Filter>
    </ClInclude>
    <ClInclude Include="ext\boost\phoenix.hpp">
      <Filter>Header Files</Filter>
    </ClInclude>
    <ClInclude Include="ext\boost\pointee.hpp">
      <Filter>Header Files</Filter>
    </ClInclude>
    <ClInclude Include="ext\boost\pointer_cast.hpp">
      <Filter>Header Files</Filter>
    </ClInclude>
    <ClInclude Include="ext\boost\pointer_to_other.hpp">
      <Filter>Header Files</Filter>
    </ClInclude>
    <ClInclude Include="ext\boost\polymorphic_cast.hpp">
      <Filter>Header Files</Filter>
    </ClInclude>
    <ClInclude Include="ext\boost\polymorphic_pointer_cast.hpp">
      <Filter>Header Files</Filter>
    </ClInclude>
    <ClInclude Include="ext\boost\predef.h">
      <Filter>Header Files</Filter>
    </ClInclude>
    <ClInclude Include="ext\boost\preprocessor.hpp">
      <Filter>Header Files</Filter>
    </ClInclude>
    <ClInclude Include="ext\boost\process.hpp">
      <Filter>Header Files</Filter>
    </ClInclude>
    <ClInclude Include="ext\boost\program_options.hpp">
      <Filter>Header Files</Filter>
    </ClInclude>
    <ClInclude Include="ext\boost\progress.hpp">
      <Filter>Header Files</Filter>
    </ClInclude>
    <ClInclude Include="ext\boost\yap\detail\algorithm.hpp">
      <Filter>Header Files</Filter>
    </ClInclude>
    <ClInclude Include="ext\boost\yap\detail\transform.hpp">
      <Filter>Header Files</Filter>
    </ClInclude>
    <ClInclude Include="ext\boost\yap\algorithm.hpp">
      <Filter>Header Files</Filter>
    </ClInclude>
    <ClInclude Include="ext\boost\yap\algorithm_fwd.hpp">
      <Filter>Header Files</Filter>
    </ClInclude>
    <ClInclude Include="ext\boost\yap\config.hpp">
      <Filter>Header Files</Filter>
    </ClInclude>
    <ClInclude Include="ext\boost\yap\expression.hpp">
      <Filter>Header Files</Filter>
    </ClInclude>
    <ClInclude Include="ext\boost\yap\print.hpp">
      <Filter>Header Files</Filter>
    </ClInclude>
    <ClInclude Include="ext\boost\yap\user_macros.hpp">
      <Filter>Header Files</Filter>
    </ClInclude>
    <ClInclude Include="ext\boost\yap\yap.hpp">
      <Filter>Header Files</Filter>
    </ClInclude>
    <ClInclude Include="ext\boost\xpressive\detail\core\matcher\action_matcher.hpp">
      <Filter>Header Files</Filter>
    </ClInclude>
    <ClInclude Include="ext\boost\xpressive\detail\core\matcher\alternate_end_matcher.hpp">
      <Filter>Header Files</Filter>
    </ClInclude>
    <ClInclude Include="ext\boost\xpressive\detail\core\matcher\alternate_matcher.hpp">
      <Filter>Header Files</Filter>
    </ClInclude>
    <ClInclude Include="ext\boost\xpressive\detail\core\matcher\any_matcher.hpp">
      <Filter>Header Files</Filter>
    </ClInclude>
    <ClInclude Include="ext\boost\xpressive\detail\core\matcher\assert_bol_matcher.hpp">
      <Filter>Header Files</Filter>
    </ClInclude>
    <ClInclude Include="ext\boost\xpressive\detail\core\matcher\assert_bos_matcher.hpp">
      <Filter>Header Files</Filter>
    </ClInclude>
    <ClInclude Include="ext\boost\xpressive\detail\core\matcher\assert_eol_matcher.hpp">
      <Filter>Header Files</Filter>
    </ClInclude>
    <ClInclude Include="ext\boost\xpressive\detail\core\matcher\assert_eos_matcher.hpp">
      <Filter>Header Files</Filter>
    </ClInclude>
    <ClInclude Include="ext\boost\xpressive\detail\core\matcher\assert_line_base.hpp">
      <Filter>Header Files</Filter>
    </ClInclude>
    <ClInclude Include="ext\boost\xpressive\detail\core\matcher\assert_word_matcher.hpp">
      <Filter>Header Files</Filter>
    </ClInclude>
    <ClInclude Include="ext\boost\xpressive\detail\core\matcher\attr_begin_matcher.hpp">
      <Filter>Header Files</Filter>
    </ClInclude>
    <ClInclude Include="ext\boost\xpressive\detail\core\matcher\attr_end_matcher.hpp">
      <Filter>Header Files</Filter>
    </ClInclude>
    <ClInclude Include="ext\boost\xpressive\detail\core\matcher\attr_matcher.hpp">
      <Filter>Header Files</Filter>
    </ClInclude>
    <ClInclude Include="ext\boost\xpressive\detail\core\matcher\charset_matcher.hpp">
      <Filter>Header Files</Filter>
    </ClInclude>
    <ClInclude Include="ext\boost\xpressive\detail\core\matcher\end_matcher.hpp">
      <Filter>Header Files</Filter>
    </ClInclude>
    <ClInclude Include="ext\boost\xpressive\detail\core\matcher\epsilon_matcher.hpp">
      <Filter>Header Files</Filter>
    </ClInclude>
    <ClInclude Include="ext\boost\xpressive\detail\core\matcher\keeper_matcher.hpp">
      <Filter>Header Files</Filter>
    </ClInclude>
    <ClInclude Include="ext\boost\xpressive\detail\core\matcher\literal_matcher.hpp">
      <Filter>Header Files</Filter>
    </ClInclude>
    <ClInclude Include="ext\boost\xpressive\detail\core\matcher\logical_newline_matcher.hpp">
      <Filter>Header Files</Filter>
    </ClInclude>
    <ClInclude Include="ext\boost\xpressive\detail\core\matcher\lookahead_matcher.hpp">
      <Filter>Header Files</Filter>
    </ClInclude>
    <ClInclude Include="ext\boost\xpressive\detail\core\matcher\lookbehind_matcher.hpp">
      <Filter>Header Files</Filter>
    </ClInclude>
    <ClInclude Include="ext\boost\xpressive\detail\core\matcher\mark_begin_matcher.hpp">
      <Filter>Header Files</Filter>
    </ClInclude>
    <ClInclude Include="ext\boost\xpressive\detail\core\matcher\mark_end_matcher.hpp">
      <Filter>Header Files</Filter>
    </ClInclude>
    <ClInclude Include="ext\boost\xpressive\detail\core\matcher\mark_matcher.hpp">
      <Filter>Header Files</Filter>
    </ClInclude>
    <ClInclude Include="ext\boost\xpressive\detail\core\matcher\optional_matcher.hpp">
      <Filter>Header Files</Filter>
    </ClInclude>
    <ClInclude Include="ext\boost\xpressive\detail\core\matcher\posix_charset_matcher.hpp">
      <Filter>Header Files</Filter>
    </ClInclude>
    <ClInclude Include="ext\boost\xpressive\detail\core\matcher\predicate_matcher.hpp">
      <Filter>Header Files</Filter>
    </ClInclude>
    <ClInclude Include="ext\boost\xpressive\detail\core\matcher\range_matcher.hpp">
      <Filter>Header Files</Filter>
    </ClInclude>
    <ClInclude Include="ext\boost\xpressive\detail\core\matcher\regex_byref_matcher.hpp">
      <Filter>Header Files</Filter>
    </ClInclude>
    <ClInclude Include="ext\boost\xpressive\detail\core\matcher\regex_matcher.hpp">
      <Filter>Header Files</Filter>
    </ClInclude>
    <ClInclude Include="ext\boost\xpressive\detail\core\matcher\repeat_begin_matcher.hpp">
      <Filter>Header Files</Filter>
    </ClInclude>
    <ClInclude Include="ext\boost\xpressive\detail\core\matcher\repeat_end_matcher.hpp">
      <Filter>Header Files</Filter>
    </ClInclude>
    <ClInclude Include="ext\boost\xpressive\detail\core\matcher\set_matcher.hpp">
      <Filter>Header Files</Filter>
    </ClInclude>
    <ClInclude Include="ext\boost\xpressive\detail\core\matcher\simple_repeat_matcher.hpp">
      <Filter>Header Files</Filter>
    </ClInclude>
    <ClInclude Include="ext\boost\xpressive\detail\core\matcher\string_matcher.hpp">
      <Filter>Header Files</Filter>
    </ClInclude>
    <ClInclude Include="ext\boost\xpressive\detail\core\matcher\true_matcher.hpp">
      <Filter>Header Files</Filter>
    </ClInclude>
    <ClInclude Include="ext\boost\xpressive\detail\core\access.hpp">
      <Filter>Header Files</Filter>
    </ClInclude>
    <ClInclude Include="ext\boost\xpressive\detail\core\action.hpp">
      <Filter>Header Files</Filter>
    </ClInclude>
    <ClInclude Include="ext\boost\xpressive\detail\core\adaptor.hpp">
      <Filter>Header Files</Filter>
    </ClInclude>
    <ClInclude Include="ext\boost\xpressive\detail\core\finder.hpp">
      <Filter>Header Files</Filter>
    </ClInclude>
    <ClInclude Include="ext\boost\xpressive\detail\core\flow_control.hpp">
      <Filter>Header Files</Filter>
    </ClInclude>
    <ClInclude Include="ext\boost\xpressive\detail\core\icase.hpp">
      <Filter>Header Files</Filter>
    </ClInclude>
    <ClInclude Include="ext\boost\xpressive\detail\core\linker.hpp">
      <Filter>Header Files</Filter>
    </ClInclude>
    <ClInclude Include="ext\boost\xpressive\detail\core\list.hpp">
      <Filter>Header Files</Filter>
    </ClInclude>
    <ClInclude Include="ext\boost\xpressive\detail\core\matchers.hpp">
      <Filter>Header Files</Filter>
    </ClInclude>
    <ClInclude Include="ext\boost\xpressive\detail\core\optimize.hpp">
      <Filter>Header Files</Filter>
    </ClInclude>
    <ClInclude Include="ext\boost\xpressive\detail\core\peeker.hpp">
      <Filter>Header Files</Filter>
    </ClInclude>
    <ClInclude Include="ext\boost\xpressive\detail\core\quant_style.hpp">
      <Filter>Header Files</Filter>
    </ClInclude>
    <ClInclude Include="ext\boost\xpressive\detail\core\regex_domain.hpp">
      <Filter>Header Files</Filter>
    </ClInclude>
    <ClInclude Include="ext\boost\xpressive\detail\core\regex_impl.hpp">
      <Filter>Header Files</Filter>
    </ClInclude>
    <ClInclude Include="ext\boost\xpressive\detail\core\results_cache.hpp">
      <Filter>Header Files</Filter>
    </ClInclude>
    <ClInclude Include="ext\boost\xpressive\detail\core\state.hpp">
      <Filter>Header Files</Filter>
    </ClInclude>
    <ClInclude Include="ext\boost\xpressive\detail\core\sub_match_impl.hpp">
      <Filter>Header Files</Filter>
    </ClInclude>
    <ClInclude Include="ext\boost\xpressive\detail\core\sub_match_vector.hpp">
      <Filter>Header Files</Filter>
    </ClInclude>
    <ClInclude Include="ext\boost\xpressive\detail\dynamic\dynamic.hpp">
      <Filter>Header Files</Filter>
    </ClInclude>
    <ClInclude Include="ext\boost\xpressive\detail\dynamic\matchable.hpp">
      <Filter>Header Files</Filter>
    </ClInclude>
    <ClInclude Include="ext\boost\xpressive\detail\dynamic\parse_charset.hpp">
      <Filter>Header Files</Filter>
    </ClInclude>
    <ClInclude Include="ext\boost\xpressive\detail\dynamic\parser.hpp">
      <Filter>Header Files</Filter>
    </ClInclude>
    <ClInclude Include="ext\boost\xpressive\detail\dynamic\parser_enum.hpp">
      <Filter>Header Files</Filter>
    </ClInclude>
    <ClInclude Include="ext\boost\xpressive\detail\dynamic\parser_traits.hpp">
      <Filter>Header Files</Filter>
    </ClInclude>
    <ClInclude Include="ext\boost\xpressive\detail\dynamic\sequence.hpp">
      <Filter>Header Files</Filter>
    </ClInclude>
    <ClInclude Include="ext\boost\xpressive\detail\static\transforms\as_action.hpp">
      <Filter>Header Files</Filter>
    </ClInclude>
    <ClInclude Include="ext\boost\xpressive\detail\static\transforms\as_alternate.hpp">
      <Filter>Header Files</Filter>
    </ClInclude>
    <ClInclude Include="ext\boost\xpressive\detail\static\transforms\as_independent.hpp">
      <Filter>Header Files</Filter>
    </ClInclude>
    <ClInclude Include="ext\boost\xpressive\detail\static\transforms\as_inverse.hpp">
      <Filter>Header Files</Filter>
    </ClInclude>
    <ClInclude Include="ext\boost\xpressive\detail\static\transforms\as_marker.hpp">
      <Filter>Header Files</Filter>
    </ClInclude>
    <ClInclude Include="ext\boost\xpressive\detail\static\transforms\as_matcher.hpp">
      <Filter>Header Files</Filter>
    </ClInclude>
    <ClInclude Include="ext\boost\xpressive\detail\static\transforms\as_modifier.hpp">
      <Filter>Header Files</Filter>
    </ClInclude>
    <ClInclude Include="ext\boost\xpressive\detail\static\transforms\as_quantifier.hpp">
      <Filter>Header Files</Filter>
    </ClInclude>
    <ClInclude Include="ext\boost\xpressive\detail\static\transforms\as_sequence.hpp">
      <Filter>Header Files</Filter>
    </ClInclude>
    <ClInclude Include="ext\boost\xpressive\detail\static\transforms\as_set.hpp">
      <Filter>Header Files</Filter>
    </ClInclude>
    <ClInclude Include="ext\boost\xpressive\detail\static\compile.hpp">
      <Filter>Header Files</Filter>
    </ClInclude>
    <ClInclude Include="ext\boost\xpressive\detail\static\grammar.hpp">
      <Filter>Header Files</Filter>
    </ClInclude>
    <ClInclude Include="ext\boost\xpressive\detail\static\is_pure.hpp">
      <Filter>Header Files</Filter>
    </ClInclude>
    <ClInclude Include="ext\boost\xpressive\detail\static\modifier.hpp">
      <Filter>Header Files</Filter>
    </ClInclude>
    <ClInclude Include="ext\boost\xpressive\detail\static\placeholders.hpp">
      <Filter>Header Files</Filter>
    </ClInclude>
    <ClInclude Include="ext\boost\xpressive\detail\static\static.hpp">
      <Filter>Header Files</Filter>
    </ClInclude>
    <ClInclude Include="ext\boost\xpressive\detail\static\transmogrify.hpp">
      <Filter>Header Files</Filter>
    </ClInclude>
    <ClInclude Include="ext\boost\xpressive\detail\static\type_traits.hpp">
      <Filter>Header Files</Filter>
    </ClInclude>
    <ClInclude Include="ext\boost\xpressive\detail\static\visitor.hpp">
      <Filter>Header Files</Filter>
    </ClInclude>
    <ClInclude Include="ext\boost\xpressive\detail\static\width_of.hpp">
      <Filter>Header Files</Filter>
    </ClInclude>
    <ClInclude Include="ext\boost\xpressive\detail\utility\chset\basic_chset.hpp">
      <Filter>Header Files</Filter>
    </ClInclude>
    <ClInclude Include="ext\boost\xpressive\detail\utility\chset\basic_chset.ipp">
      <Filter>Header Files</Filter>
    </ClInclude>
    <ClInclude Include="ext\boost\xpressive\detail\utility\chset\chset.hpp">
      <Filter>Header Files</Filter>
    </ClInclude>
    <ClInclude Include="ext\boost\xpressive\detail\utility\chset\range_run.hpp">
      <Filter>Header Files</Filter>
    </ClInclude>
    <ClInclude Include="ext\boost\xpressive\detail\utility\chset\range_run.ipp">
      <Filter>Header Files</Filter>
    </ClInclude>
    <ClInclude Include="ext\boost\xpressive\detail\utility\algorithm.hpp">
      <Filter>Header Files</Filter>
    </ClInclude>
    <ClInclude Include="ext\boost\xpressive\detail\utility\any.hpp">
      <Filter>Header Files</Filter>
    </ClInclude>
    <ClInclude Include="ext\boost\xpressive\detail\utility\boyer_moore.hpp">
      <Filter>Header Files</Filter>
    </ClInclude>
    <ClInclude Include="ext\boost\xpressive\detail\utility\cons.hpp">
      <Filter>Header Files</Filter>
    </ClInclude>
    <ClInclude Include="ext\boost\xpressive\detail\utility\counted_base.hpp">
      <Filter>Header Files</Filter>
    </ClInclude>
    <ClInclude Include="ext\boost\xpressive\detail\utility\dont_care.hpp">
      <Filter>Header Files</Filter>
    </ClInclude>
    <ClInclude Include="ext\boost\xpressive\detail\utility\hash_peek_bitset.hpp">
      <Filter>Header Files</Filter>
    </ClInclude>
    <ClInclude Include="ext\boost\xpressive\detail\utility\ignore_unused.hpp">
      <Filter>Header Files</Filter>
    </ClInclude>
    <ClInclude Include="ext\boost\xpressive\detail\utility\literals.hpp">
      <Filter>Header Files</Filter>
    </ClInclude>
    <ClInclude Include="ext\boost\xpressive\detail\utility\never_true.hpp">
      <Filter>Header Files</Filter>
    </ClInclude>
    <ClInclude Include="ext\boost\xpressive\detail\utility\save_restore.hpp">
      <Filter>Header Files</Filter>
    </ClInclude>
    <ClInclude Include="ext\boost\xpressive\detail\utility\sequence_stack.hpp">
      <Filter>Header Files</Filter>
    </ClInclude>
    <ClInclude Include="ext\boost\xpressive\detail\utility\symbols.hpp">
      <Filter>Header Files</Filter>
    </ClInclude>
    <ClInclude Include="ext\boost\xpressive\detail\utility\tracking_ptr.hpp">
      <Filter>Header Files</Filter>
    </ClInclude>
    <ClInclude Include="ext\boost\xpressive\detail\utility\traits_utils.hpp">
      <Filter>Header Files</Filter>
    </ClInclude>
    <ClInclude Include="ext\boost\xpressive\detail\utility\width.hpp">
      <Filter>Header Files</Filter>
    </ClInclude>
    <ClInclude Include="ext\boost\xpressive\detail\detail_fwd.hpp">
      <Filter>Header Files</Filter>
    </ClInclude>
    <ClInclude Include="ext\boost\xpressive\traits\detail\c_ctype.hpp">
      <Filter>Header Files</Filter>
    </ClInclude>
    <ClInclude Include="ext\boost\xpressive\traits\c_regex_traits.hpp">
      <Filter>Header Files</Filter>
    </ClInclude>
    <ClInclude Include="ext\boost\xpressive\traits\cpp_regex_traits.hpp">
      <Filter>Header Files</Filter>
    </ClInclude>
    <ClInclude Include="ext\boost\xpressive\traits\null_regex_traits.hpp">
      <Filter>Header Files</Filter>
    </ClInclude>
    <ClInclude Include="ext\boost\xpressive\basic_regex.hpp">
      <Filter>Header Files</Filter>
    </ClInclude>
    <ClInclude Include="ext\boost\xpressive\match_results.hpp">
      <Filter>Header Files</Filter>
    </ClInclude>
    <ClInclude Include="ext\boost\xpressive\regex_actions.hpp">
      <Filter>Header Files</Filter>
    </ClInclude>
    <ClInclude Include="ext\boost\xpressive\regex_algorithms.hpp">
      <Filter>Header Files</Filter>
    </ClInclude>
    <ClInclude Include="ext\boost\xpressive\regex_compiler.hpp">
      <Filter>Header Files</Filter>
    </ClInclude>
    <ClInclude Include="ext\boost\xpressive\regex_constants.hpp">
      <Filter>Header Files</Filter>
    </ClInclude>
    <ClInclude Include="ext\boost\xpressive\regex_error.hpp">
      <Filter>Header Files</Filter>
    </ClInclude>
    <ClInclude Include="ext\boost\xpressive\regex_iterator.hpp">
      <Filter>Header Files</Filter>
    </ClInclude>
    <ClInclude Include="ext\boost\xpressive\regex_primitives.hpp">
      <Filter>Header Files</Filter>
    </ClInclude>
    <ClInclude Include="ext\boost\xpressive\regex_token_iterator.hpp">
      <Filter>Header Files</Filter>
    </ClInclude>
    <ClInclude Include="ext\boost\xpressive\regex_traits.hpp">
      <Filter>Header Files</Filter>
    </ClInclude>
    <ClInclude Include="ext\boost\xpressive\sub_match.hpp">
      <Filter>Header Files</Filter>
    </ClInclude>
    <ClInclude Include="ext\boost\xpressive\xpressive.hpp">
      <Filter>Header Files</Filter>
    </ClInclude>
    <ClInclude Include="ext\boost\xpressive\xpressive_dynamic.hpp">
      <Filter>Header Files</Filter>
    </ClInclude>
    <ClInclude Include="ext\boost\xpressive\xpressive_fwd.hpp">
      <Filter>Header Files</Filter>
    </ClInclude>
    <ClInclude Include="ext\boost\xpressive\xpressive_static.hpp">
      <Filter>Header Files</Filter>
    </ClInclude>
    <ClInclude Include="ext\boost\xpressive\xpressive_typeof.hpp">
      <Filter>Header Files</Filter>
    </ClInclude>
    <ClInclude Include="src\FileRead.h">
      <Filter>Header Files</Filter>
    </ClInclude>
  </ItemGroup>
  <ItemGroup>
    <Media Include="res\w.wav">
      <Filter>Resource Files</Filter>
    </Media>
  </ItemGroup>
</Project>